// !$*UTF8*$!
{
	archiveVersion = 1;
	classes = {
	};
	objectVersion = 50;
	objects = {

/* Begin PBXBuildFile section */
		002D27B626C7173900DC5632 /* AppDelegate.swift in Sources */ = {isa = PBXBuildFile; fileRef = 002D27B526C7173900DC5632 /* AppDelegate.swift */; };
		002D27B826C7173900DC5632 /* SceneDelegate.swift in Sources */ = {isa = PBXBuildFile; fileRef = 002D27B726C7173900DC5632 /* SceneDelegate.swift */; };
		002D27BA26C7173900DC5632 /* ViewController.swift in Sources */ = {isa = PBXBuildFile; fileRef = 002D27B926C7173900DC5632 /* ViewController.swift */; };
		002D27BD26C7173900DC5632 /* Main.storyboard in Resources */ = {isa = PBXBuildFile; fileRef = 002D27BB26C7173900DC5632 /* Main.storyboard */; };
		002D27C026C7173900DC5632 /* VamosRachar.xcdatamodeld in Sources */ = {isa = PBXBuildFile; fileRef = 002D27BE26C7173900DC5632 /* VamosRachar.xcdatamodeld */; };
		002D27C226C7173C00DC5632 /* Assets.xcassets in Resources */ = {isa = PBXBuildFile; fileRef = 002D27C126C7173C00DC5632 /* Assets.xcassets */; };
		002D27C526C7173C00DC5632 /* LaunchScreen.storyboard in Resources */ = {isa = PBXBuildFile; fileRef = 002D27C326C7173C00DC5632 /* LaunchScreen.storyboard */; };
		002D27D026C7173C00DC5632 /* VamosRacharTests.swift in Sources */ = {isa = PBXBuildFile; fileRef = 002D27CF26C7173C00DC5632 /* VamosRacharTests.swift */; };
		002D27DB26C7173C00DC5632 /* VamosRacharUITests.swift in Sources */ = {isa = PBXBuildFile; fileRef = 002D27DA26C7173C00DC5632 /* VamosRacharUITests.swift */; };
/* End PBXBuildFile section */

/* Begin PBXContainerItemProxy section */
		002D27CC26C7173C00DC5632 /* PBXContainerItemProxy */ = {
			isa = PBXContainerItemProxy;
			containerPortal = 002D27AA26C7173900DC5632 /* Project object */;
			proxyType = 1;
			remoteGlobalIDString = 002D27B126C7173900DC5632;
			remoteInfo = VamosRachar;
		};
		002D27D726C7173C00DC5632 /* PBXContainerItemProxy */ = {
			isa = PBXContainerItemProxy;
			containerPortal = 002D27AA26C7173900DC5632 /* Project object */;
			proxyType = 1;
			remoteGlobalIDString = 002D27B126C7173900DC5632;
			remoteInfo = VamosRachar;
		};
/* End PBXContainerItemProxy section */

/* Begin PBXFileReference section */
		002D27B226C7173900DC5632 /* VamosRachar.app */ = {isa = PBXFileReference; explicitFileType = wrapper.application; includeInIndex = 0; path = VamosRachar.app; sourceTree = BUILT_PRODUCTS_DIR; };
		002D27B526C7173900DC5632 /* AppDelegate.swift */ = {isa = PBXFileReference; lastKnownFileType = sourcecode.swift; path = AppDelegate.swift; sourceTree = "<group>"; };
		002D27B726C7173900DC5632 /* SceneDelegate.swift */ = {isa = PBXFileReference; lastKnownFileType = sourcecode.swift; path = SceneDelegate.swift; sourceTree = "<group>"; };
		002D27B926C7173900DC5632 /* ViewController.swift */ = {isa = PBXFileReference; lastKnownFileType = sourcecode.swift; path = ViewController.swift; sourceTree = "<group>"; };
		002D27BC26C7173900DC5632 /* Base */ = {isa = PBXFileReference; lastKnownFileType = file.storyboard; name = Base; path = Base.lproj/Main.storyboard; sourceTree = "<group>"; };
		002D27BF26C7173900DC5632 /* VamosRachar.xcdatamodel */ = {isa = PBXFileReference; lastKnownFileType = wrapper.xcdatamodel; path = VamosRachar.xcdatamodel; sourceTree = "<group>"; };
		002D27C126C7173C00DC5632 /* Assets.xcassets */ = {isa = PBXFileReference; lastKnownFileType = folder.assetcatalog; path = Assets.xcassets; sourceTree = "<group>"; };
		002D27C426C7173C00DC5632 /* Base */ = {isa = PBXFileReference; lastKnownFileType = file.storyboard; name = Base; path = Base.lproj/LaunchScreen.storyboard; sourceTree = "<group>"; };
		002D27C626C7173C00DC5632 /* Info.plist */ = {isa = PBXFileReference; lastKnownFileType = text.plist.xml; path = Info.plist; sourceTree = "<group>"; };
		002D27CB26C7173C00DC5632 /* VamosRacharTests.xctest */ = {isa = PBXFileReference; explicitFileType = wrapper.cfbundle; includeInIndex = 0; path = VamosRacharTests.xctest; sourceTree = BUILT_PRODUCTS_DIR; };
		002D27CF26C7173C00DC5632 /* VamosRacharTests.swift */ = {isa = PBXFileReference; lastKnownFileType = sourcecode.swift; path = VamosRacharTests.swift; sourceTree = "<group>"; };
		002D27D126C7173C00DC5632 /* Info.plist */ = {isa = PBXFileReference; lastKnownFileType = text.plist.xml; path = Info.plist; sourceTree = "<group>"; };
		002D27D626C7173C00DC5632 /* VamosRacharUITests.xctest */ = {isa = PBXFileReference; explicitFileType = wrapper.cfbundle; includeInIndex = 0; path = VamosRacharUITests.xctest; sourceTree = BUILT_PRODUCTS_DIR; };
		002D27DA26C7173C00DC5632 /* VamosRacharUITests.swift */ = {isa = PBXFileReference; lastKnownFileType = sourcecode.swift; path = VamosRacharUITests.swift; sourceTree = "<group>"; };
		002D27DC26C7173C00DC5632 /* Info.plist */ = {isa = PBXFileReference; lastKnownFileType = text.plist.xml; path = Info.plist; sourceTree = "<group>"; };
/* End PBXFileReference section */

/* Begin PBXFrameworksBuildPhase section */
		002D27AF26C7173900DC5632 /* Frameworks */ = {
			isa = PBXFrameworksBuildPhase;
			buildActionMask = 2147483647;
			files = (
			);
			runOnlyForDeploymentPostprocessing = 0;
		};
		002D27C826C7173C00DC5632 /* Frameworks */ = {
			isa = PBXFrameworksBuildPhase;
			buildActionMask = 2147483647;
			files = (
			);
			runOnlyForDeploymentPostprocessing = 0;
		};
		002D27D326C7173C00DC5632 /* Frameworks */ = {
			isa = PBXFrameworksBuildPhase;
			buildActionMask = 2147483647;
			files = (
			);
			runOnlyForDeploymentPostprocessing = 0;
		};
/* End PBXFrameworksBuildPhase section */

/* Begin PBXGroup section */
		002D27A926C7173900DC5632 = {
			isa = PBXGroup;
			children = (
				002D27B426C7173900DC5632 /* VamosRachar */,
				002D27CE26C7173C00DC5632 /* VamosRacharTests */,
				002D27D926C7173C00DC5632 /* VamosRacharUITests */,
				002D27B326C7173900DC5632 /* Products */,
			);
			sourceTree = "<group>";
		};
		002D27B326C7173900DC5632 /* Products */ = {
			isa = PBXGroup;
			children = (
				002D27B226C7173900DC5632 /* VamosRachar.app */,
				002D27CB26C7173C00DC5632 /* VamosRacharTests.xctest */,
				002D27D626C7173C00DC5632 /* VamosRacharUITests.xctest */,
			);
			name = Products;
			sourceTree = "<group>";
		};
		002D27B426C7173900DC5632 /* VamosRachar */ = {
			isa = PBXGroup;
			children = (
				002D27B526C7173900DC5632 /* AppDelegate.swift */,
				002D27B726C7173900DC5632 /* SceneDelegate.swift */,
				002D27B926C7173900DC5632 /* ViewController.swift */,
				002D27BB26C7173900DC5632 /* Main.storyboard */,
				002D27C126C7173C00DC5632 /* Assets.xcassets */,
				002D27C326C7173C00DC5632 /* LaunchScreen.storyboard */,
				002D27C626C7173C00DC5632 /* Info.plist */,
				002D27BE26C7173900DC5632 /* VamosRachar.xcdatamodeld */,
			);
			path = VamosRachar;
			sourceTree = "<group>";
		};
		002D27CE26C7173C00DC5632 /* VamosRacharTests */ = {
			isa = PBXGroup;
			children = (
				002D27CF26C7173C00DC5632 /* VamosRacharTests.swift */,
				002D27D126C7173C00DC5632 /* Info.plist */,
			);
			path = VamosRacharTests;
			sourceTree = "<group>";
		};
		002D27D926C7173C00DC5632 /* VamosRacharUITests */ = {
			isa = PBXGroup;
			children = (
				002D27DA26C7173C00DC5632 /* VamosRacharUITests.swift */,
				002D27DC26C7173C00DC5632 /* Info.plist */,
			);
			path = VamosRacharUITests;
			sourceTree = "<group>";
		};
/* End PBXGroup section */

/* Begin PBXNativeTarget section */
		002D27B126C7173900DC5632 /* VamosRachar */ = {
			isa = PBXNativeTarget;
			buildConfigurationList = 002D27DF26C7173C00DC5632 /* Build configuration list for PBXNativeTarget "VamosRachar" */;
			buildPhases = (
				002D27AE26C7173900DC5632 /* Sources */,
				002D27AF26C7173900DC5632 /* Frameworks */,
				002D27B026C7173900DC5632 /* Resources */,
			);
			buildRules = (
			);
			dependencies = (
			);
			name = VamosRachar;
			productName = VamosRachar;
			productReference = 002D27B226C7173900DC5632 /* VamosRachar.app */;
			productType = "com.apple.product-type.application";
		};
		002D27CA26C7173C00DC5632 /* VamosRacharTests */ = {
			isa = PBXNativeTarget;
			buildConfigurationList = 002D27E226C7173C00DC5632 /* Build configuration list for PBXNativeTarget "VamosRacharTests" */;
			buildPhases = (
				002D27C726C7173C00DC5632 /* Sources */,
				002D27C826C7173C00DC5632 /* Frameworks */,
				002D27C926C7173C00DC5632 /* Resources */,
			);
			buildRules = (
			);
			dependencies = (
				002D27CD26C7173C00DC5632 /* PBXTargetDependency */,
			);
			name = VamosRacharTests;
			productName = VamosRacharTests;
			productReference = 002D27CB26C7173C00DC5632 /* VamosRacharTests.xctest */;
			productType = "com.apple.product-type.bundle.unit-test";
		};
		002D27D526C7173C00DC5632 /* VamosRacharUITests */ = {
			isa = PBXNativeTarget;
			buildConfigurationList = 002D27E526C7173C00DC5632 /* Build configuration list for PBXNativeTarget "VamosRacharUITests" */;
			buildPhases = (
				002D27D226C7173C00DC5632 /* Sources */,
				002D27D326C7173C00DC5632 /* Frameworks */,
				002D27D426C7173C00DC5632 /* Resources */,
			);
			buildRules = (
			);
			dependencies = (
				002D27D826C7173C00DC5632 /* PBXTargetDependency */,
			);
			name = VamosRacharUITests;
			productName = VamosRacharUITests;
			productReference = 002D27D626C7173C00DC5632 /* VamosRacharUITests.xctest */;
			productType = "com.apple.product-type.bundle.ui-testing";
		};
/* End PBXNativeTarget section */

/* Begin PBXProject section */
		002D27AA26C7173900DC5632 /* Project object */ = {
			isa = PBXProject;
			attributes = {
				LastSwiftUpdateCheck = 1250;
				LastUpgradeCheck = 1250;
				TargetAttributes = {
					002D27B126C7173900DC5632 = {
						CreatedOnToolsVersion = 12.5;
					};
					002D27CA26C7173C00DC5632 = {
						CreatedOnToolsVersion = 12.5;
						TestTargetID = 002D27B126C7173900DC5632;
					};
					002D27D526C7173C00DC5632 = {
						CreatedOnToolsVersion = 12.5;
						TestTargetID = 002D27B126C7173900DC5632;
					};
				};
			};
			buildConfigurationList = 002D27AD26C7173900DC5632 /* Build configuration list for PBXProject "VamosRachar" */;
			compatibilityVersion = "Xcode 9.3";
			developmentRegion = en;
			hasScannedForEncodings = 0;
			knownRegions = (
				en,
				Base,
			);
			mainGroup = 002D27A926C7173900DC5632;
			productRefGroup = 002D27B326C7173900DC5632 /* Products */;
			projectDirPath = "";
			projectRoot = "";
			targets = (
				002D27B126C7173900DC5632 /* VamosRachar */,
				002D27CA26C7173C00DC5632 /* VamosRacharTests */,
				002D27D526C7173C00DC5632 /* VamosRacharUITests */,
			);
		};
/* End PBXProject section */

/* Begin PBXResourcesBuildPhase section */
		002D27B026C7173900DC5632 /* Resources */ = {
			isa = PBXResourcesBuildPhase;
			buildActionMask = 2147483647;
			files = (
				002D27C526C7173C00DC5632 /* LaunchScreen.storyboard in Resources */,
				002D27C226C7173C00DC5632 /* Assets.xcassets in Resources */,
				002D27BD26C7173900DC5632 /* Main.storyboard in Resources */,
			);
			runOnlyForDeploymentPostprocessing = 0;
		};
		002D27C926C7173C00DC5632 /* Resources */ = {
			isa = PBXResourcesBuildPhase;
			buildActionMask = 2147483647;
			files = (
			);
			runOnlyForDeploymentPostprocessing = 0;
		};
		002D27D426C7173C00DC5632 /* Resources */ = {
			isa = PBXResourcesBuildPhase;
			buildActionMask = 2147483647;
			files = (
			);
			runOnlyForDeploymentPostprocessing = 0;
		};
/* End PBXResourcesBuildPhase section */

/* Begin PBXSourcesBuildPhase section */
		002D27AE26C7173900DC5632 /* Sources */ = {
			isa = PBXSourcesBuildPhase;
			buildActionMask = 2147483647;
			files = (
				002D27BA26C7173900DC5632 /* ViewController.swift in Sources */,
				002D27B626C7173900DC5632 /* AppDelegate.swift in Sources */,
				002D27B826C7173900DC5632 /* SceneDelegate.swift in Sources */,
				002D27C026C7173900DC5632 /* VamosRachar.xcdatamodeld in Sources */,
			);
			runOnlyForDeploymentPostprocessing = 0;
		};
		002D27C726C7173C00DC5632 /* Sources */ = {
			isa = PBXSourcesBuildPhase;
			buildActionMask = 2147483647;
			files = (
				002D27D026C7173C00DC5632 /* VamosRacharTests.swift in Sources */,
			);
			runOnlyForDeploymentPostprocessing = 0;
		};
		002D27D226C7173C00DC5632 /* Sources */ = {
			isa = PBXSourcesBuildPhase;
			buildActionMask = 2147483647;
			files = (
				002D27DB26C7173C00DC5632 /* VamosRacharUITests.swift in Sources */,
			);
			runOnlyForDeploymentPostprocessing = 0;
		};
/* End PBXSourcesBuildPhase section */

/* Begin PBXTargetDependency section */
		002D27CD26C7173C00DC5632 /* PBXTargetDependency */ = {
			isa = PBXTargetDependency;
			target = 002D27B126C7173900DC5632 /* VamosRachar */;
			targetProxy = 002D27CC26C7173C00DC5632 /* PBXContainerItemProxy */;
		};
		002D27D826C7173C00DC5632 /* PBXTargetDependency */ = {
			isa = PBXTargetDependency;
			target = 002D27B126C7173900DC5632 /* VamosRachar */;
			targetProxy = 002D27D726C7173C00DC5632 /* PBXContainerItemProxy */;
		};
/* End PBXTargetDependency section */

/* Begin PBXVariantGroup section */
		002D27BB26C7173900DC5632 /* Main.storyboard */ = {
			isa = PBXVariantGroup;
			children = (
				002D27BC26C7173900DC5632 /* Base */,
			);
			name = Main.storyboard;
			sourceTree = "<group>";
		};
		002D27C326C7173C00DC5632 /* LaunchScreen.storyboard */ = {
			isa = PBXVariantGroup;
			children = (
				002D27C426C7173C00DC5632 /* Base */,
			);
			name = LaunchScreen.storyboard;
			sourceTree = "<group>";
		};
/* End PBXVariantGroup section */

/* Begin XCBuildConfiguration section */
		002D27DD26C7173C00DC5632 /* Debug */ = {
			isa = XCBuildConfiguration;
			buildSettings = {
				ALWAYS_SEARCH_USER_PATHS = NO;
				CLANG_ANALYZER_NONNULL = YES;
				CLANG_ANALYZER_NUMBER_OBJECT_CONVERSION = YES_AGGRESSIVE;
				CLANG_CXX_LANGUAGE_STANDARD = "gnu++14";
				CLANG_CXX_LIBRARY = "libc++";
				CLANG_ENABLE_MODULES = YES;
				CLANG_ENABLE_OBJC_ARC = YES;
				CLANG_ENABLE_OBJC_WEAK = YES;
				CLANG_WARN_BLOCK_CAPTURE_AUTORELEASING = YES;
				CLANG_WARN_BOOL_CONVERSION = YES;
				CLANG_WARN_COMMA = YES;
				CLANG_WARN_CONSTANT_CONVERSION = YES;
				CLANG_WARN_DEPRECATED_OBJC_IMPLEMENTATIONS = YES;
				CLANG_WARN_DIRECT_OBJC_ISA_USAGE = YES_ERROR;
				CLANG_WARN_DOCUMENTATION_COMMENTS = YES;
				CLANG_WARN_EMPTY_BODY = YES;
				CLANG_WARN_ENUM_CONVERSION = YES;
				CLANG_WARN_INFINITE_RECURSION = YES;
				CLANG_WARN_INT_CONVERSION = YES;
				CLANG_WARN_NON_LITERAL_NULL_CONVERSION = YES;
				CLANG_WARN_OBJC_IMPLICIT_RETAIN_SELF = YES;
				CLANG_WARN_OBJC_LITERAL_CONVERSION = YES;
				CLANG_WARN_OBJC_ROOT_CLASS = YES_ERROR;
				CLANG_WARN_QUOTED_INCLUDE_IN_FRAMEWORK_HEADER = YES;
				CLANG_WARN_RANGE_LOOP_ANALYSIS = YES;
				CLANG_WARN_STRICT_PROTOTYPES = YES;
				CLANG_WARN_SUSPICIOUS_MOVE = YES;
				CLANG_WARN_UNGUARDED_AVAILABILITY = YES_AGGRESSIVE;
				CLANG_WARN_UNREACHABLE_CODE = YES;
				CLANG_WARN__DUPLICATE_METHOD_MATCH = YES;
				COPY_PHASE_STRIP = NO;
				DEBUG_INFORMATION_FORMAT = dwarf;
				ENABLE_STRICT_OBJC_MSGSEND = YES;
				ENABLE_TESTABILITY = YES;
				GCC_C_LANGUAGE_STANDARD = gnu11;
				GCC_DYNAMIC_NO_PIC = NO;
				GCC_NO_COMMON_BLOCKS = YES;
				GCC_OPTIMIZATION_LEVEL = 0;
				GCC_PREPROCESSOR_DEFINITIONS = (
					"DEBUG=1",
					"$(inherited)",
				);
				GCC_WARN_64_TO_32_BIT_CONVERSION = YES;
				GCC_WARN_ABOUT_RETURN_TYPE = YES_ERROR;
				GCC_WARN_UNDECLARED_SELECTOR = YES;
				GCC_WARN_UNINITIALIZED_AUTOS = YES_AGGRESSIVE;
				GCC_WARN_UNUSED_FUNCTION = YES;
				GCC_WARN_UNUSED_VARIABLE = YES;
				IPHONEOS_DEPLOYMENT_TARGET = 14.5;
				MTL_ENABLE_DEBUG_INFO = INCLUDE_SOURCE;
				MTL_FAST_MATH = YES;
				ONLY_ACTIVE_ARCH = YES;
				SDKROOT = iphoneos;
				SWIFT_ACTIVE_COMPILATION_CONDITIONS = DEBUG;
				SWIFT_OPTIMIZATION_LEVEL = "-Onone";
			};
			name = Debug;
		};
		002D27DE26C7173C00DC5632 /* Release */ = {
			isa = XCBuildConfiguration;
			buildSettings = {
				ALWAYS_SEARCH_USER_PATHS = NO;
				CLANG_ANALYZER_NONNULL = YES;
				CLANG_ANALYZER_NUMBER_OBJECT_CONVERSION = YES_AGGRESSIVE;
				CLANG_CXX_LANGUAGE_STANDARD = "gnu++14";
				CLANG_CXX_LIBRARY = "libc++";
				CLANG_ENABLE_MODULES = YES;
				CLANG_ENABLE_OBJC_ARC = YES;
				CLANG_ENABLE_OBJC_WEAK = YES;
				CLANG_WARN_BLOCK_CAPTURE_AUTORELEASING = YES;
				CLANG_WARN_BOOL_CONVERSION = YES;
				CLANG_WARN_COMMA = YES;
				CLANG_WARN_CONSTANT_CONVERSION = YES;
				CLANG_WARN_DEPRECATED_OBJC_IMPLEMENTATIONS = YES;
				CLANG_WARN_DIRECT_OBJC_ISA_USAGE = YES_ERROR;
				CLANG_WARN_DOCUMENTATION_COMMENTS = YES;
				CLANG_WARN_EMPTY_BODY = YES;
				CLANG_WARN_ENUM_CONVERSION = YES;
				CLANG_WARN_INFINITE_RECURSION = YES;
				CLANG_WARN_INT_CONVERSION = YES;
				CLANG_WARN_NON_LITERAL_NULL_CONVERSION = YES;
				CLANG_WARN_OBJC_IMPLICIT_RETAIN_SELF = YES;
				CLANG_WARN_OBJC_LITERAL_CONVERSION = YES;
				CLANG_WARN_OBJC_ROOT_CLASS = YES_ERROR;
				CLANG_WARN_QUOTED_INCLUDE_IN_FRAMEWORK_HEADER = YES;
				CLANG_WARN_RANGE_LOOP_ANALYSIS = YES;
				CLANG_WARN_STRICT_PROTOTYPES = YES;
				CLANG_WARN_SUSPICIOUS_MOVE = YES;
				CLANG_WARN_UNGUARDED_AVAILABILITY = YES_AGGRESSIVE;
				CLANG_WARN_UNREACHABLE_CODE = YES;
				CLANG_WARN__DUPLICATE_METHOD_MATCH = YES;
				COPY_PHASE_STRIP = NO;
				DEBUG_INFORMATION_FORMAT = "dwarf-with-dsym";
				ENABLE_NS_ASSERTIONS = NO;
				ENABLE_STRICT_OBJC_MSGSEND = YES;
				GCC_C_LANGUAGE_STANDARD = gnu11;
				GCC_NO_COMMON_BLOCKS = YES;
				GCC_WARN_64_TO_32_BIT_CONVERSION = YES;
				GCC_WARN_ABOUT_RETURN_TYPE = YES_ERROR;
				GCC_WARN_UNDECLARED_SELECTOR = YES;
				GCC_WARN_UNINITIALIZED_AUTOS = YES_AGGRESSIVE;
				GCC_WARN_UNUSED_FUNCTION = YES;
				GCC_WARN_UNUSED_VARIABLE = YES;
				IPHONEOS_DEPLOYMENT_TARGET = 14.5;
				MTL_ENABLE_DEBUG_INFO = NO;
				MTL_FAST_MATH = YES;
				SDKROOT = iphoneos;
				SWIFT_COMPILATION_MODE = wholemodule;
				SWIFT_OPTIMIZATION_LEVEL = "-O";
				VALIDATE_PRODUCT = YES;
			};
			name = Release;
		};
		002D27E026C7173C00DC5632 /* Debug */ = {
			isa = XCBuildConfiguration;
			buildSettings = {
				ASSETCATALOG_COMPILER_APPICON_NAME = AppIcon;
				ASSETCATALOG_COMPILER_GLOBAL_ACCENT_COLOR_NAME = AccentColor;
				CODE_SIGN_STYLE = Automatic;
				DEVELOPMENT_TEAM = NL35JB8G2K;
				INFOPLIST_FILE = VamosRachar/Info.plist;
				LD_RUNPATH_SEARCH_PATHS = (
					"$(inherited)",
					"@executable_path/Frameworks",
				);
				PRODUCT_BUNDLE_IDENTIFIER = chapolemos.VamosRachar;
				PRODUCT_NAME = "$(TARGET_NAME)";
				SWIFT_VERSION = 5.0;
				TARGETED_DEVICE_FAMILY = "1,2";
			};
			name = Debug;
		};
		002D27E126C7173C00DC5632 /* Release */ = {
			isa = XCBuildConfiguration;
			buildSettings = {
				ASSETCATALOG_COMPILER_APPICON_NAME = AppIcon;
				ASSETCATALOG_COMPILER_GLOBAL_ACCENT_COLOR_NAME = AccentColor;
				CODE_SIGN_STYLE = Automatic;
				DEVELOPMENT_TEAM = NL35JB8G2K;
				INFOPLIST_FILE = VamosRachar/Info.plist;
				LD_RUNPATH_SEARCH_PATHS = (
					"$(inherited)",
					"@executable_path/Frameworks",
				);
				PRODUCT_BUNDLE_IDENTIFIER = chapolemos.VamosRachar;
				PRODUCT_NAME = "$(TARGET_NAME)";
				SWIFT_VERSION = 5.0;
				TARGETED_DEVICE_FAMILY = "1,2";
			};
			name = Release;
		};
		002D27E326C7173C00DC5632 /* Debug */ = {
			isa = XCBuildConfiguration;
			buildSettings = {
				ALWAYS_EMBED_SWIFT_STANDARD_LIBRARIES = YES;
				BUNDLE_LOADER = "$(TEST_HOST)";
				CODE_SIGN_STYLE = Automatic;
				DEVELOPMENT_TEAM = NL35JB8G2K;
				INFOPLIST_FILE = VamosRacharTests/Info.plist;
				IPHONEOS_DEPLOYMENT_TARGET = 14.5;
				LD_RUNPATH_SEARCH_PATHS = (
					"$(inherited)",
					"@executable_path/Frameworks",
					"@loader_path/Frameworks",
				);
				PRODUCT_BUNDLE_IDENTIFIER = chapolemos.VamosRacharTests;
				PRODUCT_NAME = "$(TARGET_NAME)";
				SWIFT_VERSION = 5.0;
				TARGETED_DEVICE_FAMILY = "1,2";
				TEST_HOST = "$(BUILT_PRODUCTS_DIR)/VamosRachar.app/VamosRachar";
			};
			name = Debug;
		};
		002D27E426C7173C00DC5632 /* Release */ = {
			isa = XCBuildConfiguration;
			buildSettings = {
				ALWAYS_EMBED_SWIFT_STANDARD_LIBRARIES = YES;
				BUNDLE_LOADER = "$(TEST_HOST)";
				CODE_SIGN_STYLE = Automatic;
				DEVELOPMENT_TEAM = NL35JB8G2K;
				INFOPLIST_FILE = VamosRacharTests/Info.plist;
				IPHONEOS_DEPLOYMENT_TARGET = 14.5;
				LD_RUNPATH_SEARCH_PATHS = (
					"$(inherited)",
					"@executable_path/Frameworks",
					"@loader_path/Frameworks",
				);
				PRODUCT_BUNDLE_IDENTIFIER = chapolemos.VamosRacharTests;
				PRODUCT_NAME = "$(TARGET_NAME)";
				SWIFT_VERSION = 5.0;
				TARGETED_DEVICE_FAMILY = "1,2";
				TEST_HOST = "$(BUILT_PRODUCTS_DIR)/VamosRachar.app/VamosRachar";
			};
			name = Release;
		};
		002D27E626C7173C00DC5632 /* Debug */ = {
			isa = XCBuildConfiguration;
			buildSettings = {
				ALWAYS_EMBED_SWIFT_STANDARD_LIBRARIES = YES;
				CODE_SIGN_STYLE = Automatic;
				DEVELOPMENT_TEAM = NL35JB8G2K;
				INFOPLIST_FILE = VamosRacharUITests/Info.plist;
				LD_RUNPATH_SEARCH_PATHS = (
					"$(inherited)",
					"@executable_path/Frameworks",
					"@loader_path/Frameworks",
				);
				PRODUCT_BUNDLE_IDENTIFIER = chapolemos.VamosRacharUITests;
				PRODUCT_NAME = "$(TARGET_NAME)";
				SWIFT_VERSION = 5.0;
				TARGETED_DEVICE_FAMILY = "1,2";
				TEST_TARGET_NAME = VamosRachar;
			};
			name = Debug;
		};
		002D27E726C7173C00DC5632 /* Release */ = {
			isa = XCBuildConfiguration;
			buildSettings = {
				ALWAYS_EMBED_SWIFT_STANDARD_LIBRARIES = YES;
				CODE_SIGN_STYLE = Automatic;
				DEVELOPMENT_TEAM = NL35JB8G2K;
				INFOPLIST_FILE = VamosRacharUITests/Info.plist;
				LD_RUNPATH_SEARCH_PATHS = (
					"$(inherited)",
					"@executable_path/Frameworks",
					"@loader_path/Frameworks",
				);
				PRODUCT_BUNDLE_IDENTIFIER = chapolemos.VamosRacharUITests;
				PRODUCT_NAME = "$(TARGET_NAME)";
				SWIFT_VERSION = 5.0;
				TARGETED_DEVICE_FAMILY = "1,2";
				TEST_TARGET_NAME = VamosRachar;
			};
			name = Release;
		};
/* End XCBuildConfiguration section */

/* Begin XCConfigurationList section */
		002D27AD26C7173900DC5632 /* Build configuration list for PBXProject "VamosRachar" */ = {
			isa = XCConfigurationList;
			buildConfigurations = (
				002D27DD26C7173C00DC5632 /* Debug */,
				002D27DE26C7173C00DC5632 /* Release */,
			);
			defaultConfigurationIsVisible = 0;
			defaultConfigurationName = Release;
		};
		002D27DF26C7173C00DC5632 /* Build configuration list for PBXNativeTarget "VamosRachar" */ = {
			isa = XCConfigurationList;
			buildConfigurations = (
				002D27E026C7173C00DC5632 /* Debug */,
				002D27E126C7173C00DC5632 /* Release */,
			);
			defaultConfigurationIsVisible = 0;
			defaultConfigurationName = Release;
		};
		002D27E226C7173C00DC5632 /* Build configuration list for PBXNativeTarget "VamosRacharTests" */ = {
			isa = XCConfigurationList;
			buildConfigurations = (
				002D27E326C7173C00DC5632 /* Debug */,
				002D27E426C7173C00DC5632 /* Release */,
			);
			defaultConfigurationIsVisible = 0;
			defaultConfigurationName = Release;
		};
		002D27E526C7173C00DC5632 /* Build configuration list for PBXNativeTarget "VamosRacharUITests" */ = {
			isa = XCConfigurationList;
			buildConfigurations = (
				002D27E626C7173C00DC5632 /* Debug */,
				002D27E726C7173C00DC5632 /* Release */,
			);
			defaultConfigurationIsVisible = 0;
			defaultConfigurationName = Release;
		};
/* End XCConfigurationList section */

/* Begin XCVersionGroup section */
		002D27BE26C7173900DC5632 /* VamosRachar.xcdatamodeld */ = {
			isa = XCVersionGroup;
			children = (
				002D27BF26C7173900DC5632 /* VamosRachar.xcdatamodel */,
			);
			currentVersion = 002D27BF26C7173900DC5632 /* VamosRachar.xcdatamodel */;
			path = VamosRachar.xcdatamodeld;
			sourceTree = "<group>";
			versionGroupType = wrapper.xcdatamodel;
		};
/* End XCVersionGroup section */
	};
	rootObject = 002D27AA26C7173900DC5632 /* Project object */;
}
